# Copyright (C) 1991-2006 Altera Corporation
# Your use of Altera Corporation's design tools, logic functions 
# and other software and tools, and its AMPP partner logic 
# functions, and any output files from any of the foregoing 
# (including device programming or simulation files), and any 
# associated documentation or information are expressly subject 
# to the terms and conditions of the Altera Program License 
# Subscription Agreement, Altera MegaCore Function License 
# Agreement, or other applicable license agreement, including, 
# without limitation, that your use is for the sole purpose of 
# programming logic devices manufactured by Altera and sold by 
# Altera or its authorized distributors.  Please refer to the 
# applicable agreement for further details.


# The default values for assignments are stored in the file
#		motor_assignment_defaults.qdf
# If this file doesn't exist, and for assignments not listed, see file
#		assignment_defaults.qdf

# Altera recommends that you do not modify this file. This
# file is updated automatically by the Quartus II software
# and any changes you make may be lost or overwritten.


set_global_assignment -name DEVICE EP4CE115F29C7
set_global_assignment -name FAMILY "Cyclone IV E"
set_global_assignment -name TOP_LEVEL_ENTITY Verifica_Motor
set_global_assignment -name ORIGINAL_QUARTUS_VERSION 6.1
set_global_assignment -name PROJECT_CREATION_TIME_DATE "10:32:26  APRIL 24, 2007"
set_global_assignment -name LAST_QUARTUS_VERSION "17.1.0 Lite Edition"
set_global_assignment -name PARTITION_NETLIST_TYPE SOURCE -section_id Top
set_location_assignment PIN_Y2 -to Reloj
set_location_assignment PIN_M23 -to Reset
set_location_assignment PIN_AB28 -to ENABLE
set_location_assignment PIN_E21 -to A
set_location_assignment PIN_E22 -to B
set_location_assignment PIN_E25 -to C
set_location_assignment PIN_E24 -to D
set_location_assignment PIN_H21 -to INH1
set_location_assignment PIN_G20 -to INH2
set_global_assignment -name PARTITION_FITTER_PRESERVATION_LEVEL PLACEMENT_AND_ROUTING -section_id Top
set_global_assignment -name PARTITION_COLOR 16764057 -section_id Top
set_global_assignment -name STRATIX_DEVICE_IO_STANDARD "3.3-V LVTTL"
set_location_assignment PIN_H19 -to LEDR[7]
set_location_assignment PIN_J19 -to LEDR[6]
set_location_assignment PIN_E18 -to LEDR[5]
set_location_assignment PIN_F18 -to LEDR[4]
set_location_assignment PIN_F21 -to LEDR[3]
set_location_assignment PIN_E19 -to LEDR[2]
set_location_assignment PIN_F19 -to LEDR[1]
set_location_assignment PIN_G19 -to LEDR[0]
set_location_assignment PIN_AC28 -to HALF_FULL
set_location_assignment PIN_AC27 -to UP_DOWN
set_location_assignment PIN_AH26 -to LTM_GRST
set_location_assignment PIN_AF16 -to LTM_HD
set_location_assignment PIN_AE15 -to LTM_NCLK
set_location_assignment PIN_AC19 -to LTM_DEN
set_location_assignment PIN_AD19 -to LTM_VD
set_location_assignment PIN_AF25 -to LTM_B[7]
set_location_assignment PIN_AE21 -to LTM_B[6]
set_location_assignment PIN_AF24 -to LTM_B[5]
set_location_assignment PIN_AF15 -to LTM_B[4]
set_location_assignment PIN_Y16 -to LTM_B[3]
set_location_assignment PIN_AD21 -to LTM_B[2]
set_location_assignment PIN_AE16 -to LTM_B[1]
set_location_assignment PIN_AD15 -to LTM_B[0]
set_location_assignment PIN_AH25 -to LTM_G[7]
set_location_assignment PIN_AD25 -to LTM_G[6]
set_location_assignment PIN_AG25 -to LTM_G[5]
set_location_assignment PIN_AD22 -to LTM_G[4]
set_location_assignment PIN_AF22 -to LTM_G[3]
set_location_assignment PIN_AF21 -to LTM_G[2]
set_location_assignment PIN_AE22 -to LTM_G[1]
set_location_assignment PIN_AC22 -to LTM_G[0]
set_location_assignment PIN_AF20 -to LTM_R[7]
set_location_assignment PIN_AG23 -to LTM_R[6]
set_location_assignment PIN_AE20 -to LTM_R[5]
set_location_assignment PIN_AF26 -to LTM_R[4]
set_location_assignment PIN_AH22 -to LTM_R[3]
set_location_assignment PIN_AE24 -to LTM_R[2]
set_location_assignment PIN_AG22 -to LTM_R[1]
set_location_assignment PIN_AE25 -to LTM_R[0]
set_location_assignment PIN_AH23 -to LTM_SCEN
set_location_assignment PIN_AC21 -to ADC_LTM_SCLK
set_location_assignment PIN_N21 -to KEY2
set_location_assignment PIN_R24 -to KEY3
set_location_assignment PIN_AB21 -to ADC_BUSY
set_location_assignment PIN_Y17 -to ADC_DIN
set_location_assignment PIN_AC15 -to ADC_DOUT
set_location_assignment PIN_AB22 -to ADC_PENIRQ_N
set_global_assignment -name MIN_CORE_JUNCTION_TEMP 0
set_global_assignment -name MAX_CORE_JUNCTION_TEMP 85
set_location_assignment PIN_J17 -to LEDR[8]
set_location_assignment PIN_G17 -to LEDR[9]
set_location_assignment PIN_J15 -to LEDR[10]
set_location_assignment PIN_H16 -to LEDR[11]
set_location_assignment PIN_J16 -to LEDR[12]
set_location_assignment PIN_H17 -to LEDR[13]
set_location_assignment PIN_F15 -to LEDR[14]
set_location_assignment PIN_G15 -to LEDR[15]
set_location_assignment PIN_AG26 -to LTM_SDA
set_location_assignment PIN_G18 -to HEX0_a
set_location_assignment PIN_F22 -to HEX0_b
set_location_assignment PIN_E17 -to HEX0_c
set_location_assignment PIN_L26 -to HEX0_d
set_location_assignment PIN_L25 -to HEX0_e
set_location_assignment PIN_J22 -to HEX0_f
set_location_assignment PIN_H22 -to HEX0_g
set_location_assignment PIN_M24 -to HEX1_a
set_location_assignment PIN_Y22 -to HEX1_b
set_location_assignment PIN_W21 -to HEX1_c
set_location_assignment PIN_W22 -to HEX1_d
set_location_assignment PIN_W25 -to HEX1_e
set_location_assignment PIN_U23 -to HEX1_f
set_location_assignment PIN_U24 -to HEX1_g
set_location_assignment PIN_AA25 -to HEX2_a
set_location_assignment PIN_AA26 -to HEX2_b
set_location_assignment PIN_Y25 -to HEX2_c
set_location_assignment PIN_W26 -to HEX2_d
set_location_assignment PIN_Y26 -to HEX2_e
set_location_assignment PIN_W27 -to HEX2_f
set_location_assignment PIN_W28 -to HEX2_g
set_location_assignment PIN_V21 -to HEX3_a
set_location_assignment PIN_U21 -to HEX3_b
set_location_assignment PIN_AB20 -to HEX3_c
set_location_assignment PIN_AA21 -to HEX3_d
set_location_assignment PIN_AD24 -to HEX3_e
set_location_assignment PIN_AF23 -to HEX3_f
set_location_assignment PIN_Y19 -to HEX3_g
set_global_assignment -name POWER_PRESET_COOLING_SOLUTION "23 MM HEAT SINK WITH 200 LFPM AIRFLOW"
set_global_assignment -name POWER_BOARD_THERMAL_MODEL "NONE (CONSERVATIVE)"
set_global_assignment -name VERILOG_FILE control_motor.v
set_global_assignment -name VERILOG_FILE Verifica_Motor.v
set_global_assignment -name QXP_FILE "testbench-U1.qxp"
set_instance_assignment -name PARTITION_HIERARCHY root_partition -to | -section_id Top